{
  "version": 4,
  "terraform_version": "1.1.7",
  "serial": 20,
  "lineage": "a7b886d8-6f0a-1492-8e5a-b55f26860312",
  "outputs": {},
  "resources": [
    {
      "mode": "managed",
      "type": "aws_instance",
      "name": "MyFirstInstnace",
      "provider": "provider[\"registry.terraform.io/hashicorp/aws\"]",
      "instances": [
        {
          "status": "tainted",
          "schema_version": 1,
          "attributes": {
            "ami": "ami-05692172625678b4e",
            "arn": "arn:aws:ec2:us-east-2:904718117574:instance/i-048f6c59c47281897",
            "associate_public_ip_address": true,
            "availability_zone": "us-east-2c",
            "capacity_reservation_specification": [
              {
                "capacity_reservation_preference": "open",
                "capacity_reservation_target": []
              }
            ],
            "cpu_core_count": 1,
            "cpu_threads_per_core": 1,
            "credit_specification": [
              {
                "cpu_credits": "standard"
              }
            ],
            "disable_api_termination": false,
            "ebs_block_device": [],
            "ebs_optimized": false,
            "enclave_options": [
              {
                "enabled": false
              }
            ],
            "ephemeral_block_device": [],
            "get_password_data": false,
            "hibernation": false,
            "host_id": null,
            "iam_instance_profile": "",
            "id": "i-048f6c59c47281897",
            "instance_initiated_shutdown_behavior": "stop",
            "instance_state": "running",
            "instance_type": "t2.micro",
            "ipv6_address_count": 0,
            "ipv6_addresses": [],
            "key_name": "mykey",
            "launch_template": [],
            "metadata_options": [
              {
                "http_endpoint": "enabled",
                "http_put_response_hop_limit": 1,
                "http_tokens": "optional"
              }
            ],
            "monitoring": false,
            "network_interface": [],
            "outpost_arn": "",
            "password_data": "",
            "placement_group": "",
            "primary_network_interface_id": "eni-0648f31cc2ba9da75",
            "private_dns": "ip-172-31-39-203.us-east-2.compute.internal",
            "private_ip": "172.31.39.203",
            "public_dns": "ec2-3-137-158-45.us-east-2.compute.amazonaws.com",
            "public_ip": "3.137.158.45",
            "root_block_device": [
              {
                "delete_on_termination": true,
                "device_name": "/dev/sda1",
                "encrypted": false,
                "iops": 100,
                "kms_key_id": "",
                "tags": {},
                "throughput": 0,
                "volume_id": "vol-05279ce2d40a67c33",
                "volume_size": 8,
                "volume_type": "gp2"
              }
            ],
            "secondary_private_ips": [],
            "security_groups": [
              "default"
            ],
            "source_dest_check": true,
            "subnet_id": "subnet-07fba7a455d123721",
            "tags": {
              "Name": "software_provisioner"
            },
            "tags_all": {
              "Name": "software_provisioner"
            },
            "tenancy": "default",
            "timeouts": null,
            "user_data": null,
            "user_data_base64": null,
            "volume_tags": null,
            "vpc_security_group_ids": [
              "sg-0e8903103a456d94d"
            ]
          },
          "sensitive_attributes": [],
          "private": "eyJlMmJmYjczMC1lY2FhLTExZTYtOGY4OC0zNDM2M2JjN2M0YzAiOnsiY3JlYXRlIjo2MDAwMDAwMDAwMDAsImRlbGV0ZSI6MTIwMDAwMDAwMDAwMCwidXBkYXRlIjo2MDAwMDAwMDAwMDB9LCJzY2hlbWFfdmVyc2lvbiI6IjEifQ==",
          "dependencies": [
            "aws_key_pair.mykey"
          ]
        }
      ]
    },
    {
      "mode": "managed",
      "type": "aws_key_pair",
      "name": "mykey",
      "provider": "provider[\"registry.terraform.io/hashicorp/aws\"]",
      "instances": [
        {
          "schema_version": 1,
          "attributes": {
            "arn": "arn:aws:ec2:us-east-2:904718117574:key-pair/mykey",
            "fingerprint": "9d:e1:bc:16:75:a0:a4:87:a5:38:00:d6:a7:04:31:6c",
            "id": "mykey",
            "key_name": "mykey",
            "key_name_prefix": null,
            "key_pair_id": "key-033649f126b6a5afc",
            "public_key": "ssh-rsa AAAAB3NzaC1yc2EAAAADAQABAAABgQDFGvM5vLj1VwZ+5crD8BWQl+RNQVu9PiTS3qbUYcyymheZbaiHuKk6hOIp9QDNu2s1lIyuEk3+wONrEAm+O+M41H9N1L4SB5y2d8WS12n9MQgigj/HHL3RDBoTPHbrNBxZnwQcyIWgGY+U7v7jhC8utoP3adwtDKSBeX3IZs5VShLVY/ew+ttFJ3RRCsxyd/z4ioaE23EbBGpuJcZCwCfeBK6kHkyWy+P0o0veHzG1k0Qb04i/1zMZ62TRvUVKmipz3EpDZKjnAc6H3FDyRh8IqJksYR+NfAJLjDYQQVfGa1d5I7rz2RF56vW2exndvLAz0zh/XyreywjxSdE2M7Aj0+CvpEo86xvruo2bcOFntiAsPFwe76NwQhIm7swMf+LAje5idJ4nT/vE0FFzMK4sztVtC3EnUUi26wFIeSPyMjiG/IGThUjK9dYQFZ7+/5yND5iiwI7OwqoDCNo25yNF6Pupro5c5I7VfLM7fiBvWBj0SHdAMeNMRrEZkciXJQk= lenovo@DESKTOP-ULENIN4",
            "tags": {},
            "tags_all": {}
          },
          "sensitive_attributes": [],
          "private": "eyJzY2hlbWFfdmVyc2lvbiI6IjEifQ=="
        }
      ]
    }
  ]
}
